PackratFormat: 1.4
PackratVersion: 0.4.8.1
RVersion: 3.3.3
Repos: CRAN=https://cran.rstudio.com/,
    CRANextra=http://www.stats.ox.ac.uk/pub/RWin

Package: BH
Source: CRAN
Version: 1.62.0-1
Hash: 14dfb3e8ffe20996118306ff4de1fab2

Package: DBI
Source: CRAN
Version: 0.5-1
Hash: 375869004db963f9915f2b8a49b4a718

Package: DT
Source: CRAN
Version: 0.2
Hash: 36b032203797956fedad5a25055016a9
Requires: htmltools, htmlwidgets, magrittr

Package: R6
Source: CRAN
Version: 2.2.0
Hash: 712773a3439bd32db5c40938e1a9aac2

Package: RColorBrewer
Source: CRAN
Version: 1.1-2
Hash: c0d56cd15034f395874c870141870c25

Package: Rcpp
Source: CRAN
Version: 0.12.9
Hash: 7ab41cbe74918de8de87e435ef17e92d

Package: assertthat
Source: CRAN
Version: 0.1
Hash: 0afb92b59b02593c70ff8046700ba9d3

Package: base64enc
Source: CRAN
Version: 0.1-3
Hash: c590d29e555926af053055e23ee79efb

Package: colorspace
Source: CRAN
Version: 1.3-2
Hash: 0bf8618b585fa98eb23414cd3ab95118

Package: crayon
Source: CRAN
Version: 1.3.2
Hash: 576a9d297a567d6a5ebd164ca5221590

Package: crosstalk
Source: github
Version: 1.0.1
Hash: 1a3a6c072c33a57ed2b334ececa9c9a6
Requires: R6, ggplot2, htmltools, jsonlite, lazyeval, shiny
GithubRepo: crosstalk
GithubUsername: rstudio
GithubRef: master
GithubSha1: 6a36da10f03d463ecb427fea649571be84b9bb43

Package: curl
Source: CRAN
Version: 2.2
Hash: 4533829fb0026bd0dea77ba8f1612d37

Package: dichromat
Source: CRAN
Version: 2.0-0
Hash: 08eed0c80510af29bb15f840ccfe37ce

Package: digest
Source: CRAN
Version: 0.6.10
Hash: 87165608ca8aeb0958835c3c5b52b6b7

Package: dplyr
Source: CRAN
Version: 0.5.0
Hash: 884482baf4ab273f2af5e641469f9ea4
Requires: BH, DBI, R6, Rcpp, assertthat, lazyeval, magrittr, tibble

Package: ggplot2
Source: CRAN
Version: 2.2.1
Hash: 46e5cb78836848aa44655e577433f54b
Requires: digest, gtable, lazyeval, plyr, reshape2, scales, tibble

Package: gridExtra
Source: CRAN
Version: 2.2.1
Hash: 8f54b57d4b0598ed5b27e0eafe86a670
Requires: gtable

Package: gtable
Source: CRAN
Version: 0.2.0
Hash: cd78381a9d3fea966ac39bd0daaf5554

Package: hexbin
Source: CRAN
Version: 1.27.1
Hash: 378383b2c37556649fd6b2ee0be7e2a5

Package: htmltools
Source: CRAN
Version: 0.3.5
Hash: 6c7e3a96d9034d3ba8e6a07f7e2a333d
Requires: Rcpp, digest

Package: htmlwidgets
Source: CRAN
Version: 0.8
Hash: e7a3c80acddc2412f96d616949e40bb8
Requires: htmltools, jsonlite, yaml

Package: httpuv
Source: CRAN
Version: 1.3.3
Hash: d73b1fc4f52d1179ff24f12f49eb6121
Requires: Rcpp

Package: httr
Source: CRAN
Version: 1.2.1
Hash: 7de1f8f760441881804af7c1ff324340
Requires: R6, curl, jsonlite, mime, openssl

Package: jsonlite
Source: CRAN
Version: 1.2
Hash: 3a193a612cae6814719ed523f7e7cf44

Package: labeling
Source: CRAN
Version: 0.3
Hash: ecf589b42cd284b03a4beb9665482d3e

Package: lazyeval
Source: CRAN
Version: 0.2.0
Hash: 3d6e7608e65bbf5cb170dab1e3c9ed8b

Package: leaflet
Source: CRAN
Version: 1.1.0
Hash: 25f9a891535d490e22c4e200bf303362
Requires: RColorBrewer, base64enc, crosstalk, htmltools, htmlwidgets,
    magrittr, markdown, png, raster, scales, sp, viridis

Package: magrittr
Source: CRAN
Version: 1.5
Hash: bdc4d48c3135e8f3b399536ddf160df4

Package: markdown
Source: CRAN
Version: 0.7.7
Hash: fea2343a1119d61b0cc5c0a950d103a3
Requires: mime

Package: mime
Source: CRAN
Version: 0.5
Hash: 463550cf44fb6f0a2359368f42eebe62

Package: munsell
Source: CRAN
Version: 0.4.3
Hash: f96d896947fcaf9b6d0074002e9f4f9d
Requires: colorspace

Package: openssl
Source: CRAN
Version: 0.9.6
Hash: 5f4711e142a44655dfea4d64fcf2f641

Package: packrat
Source: CRAN
Version: 0.4.8-1
Hash: 6ad605ba7b4b476d84be6632393f5765

Package: plotly
Source: CRAN
Version: 4.5.6
Hash: f55e6b78f2701911b98cb23d7e3d2bcb
Requires: base64enc, digest, dplyr, ggplot2, hexbin, htmlwidgets, httr,
    jsonlite, lazyeval, magrittr, purrr, scales, tibble, tidyr,
    viridisLite

Package: plyr
Source: CRAN
Version: 1.8.4
Hash: ce3897d2ea6dabdb2c0a217b25f5fe99
Requires: Rcpp

Package: png
Source: CRAN
Version: 0.1-7
Hash: 421d7d6e0fb4bd885ecbd909b6456b8b

Package: praise
Source: CRAN
Version: 1.0.0
Hash: 77da8f1df873a4b91e5c4a68fe2fb1b6

Package: purrr
Source: CRAN
Version: 0.2.2
Hash: e06b50a541f3a0965edd8e8533ff28ac
Requires: BH, Rcpp, dplyr, lazyeval, magrittr

Package: raster
Source: CRAN
Version: 2.5-8
Hash: cab4d071908e672aca4dbd776361eea5
Requires: Rcpp, sp

Package: reshape2
Source: CRAN
Version: 1.4.2
Hash: 85d9947f8a5e187dff7f18265b96cb13
Requires: Rcpp, plyr, stringr

Package: rgdal
Source: CRAN
Version: 1.2-7
Hash: d79393d8e532c8da734a0735ce20c7da
Requires: sp

Package: scales
Source: CRAN
Version: 0.4.1
Hash: bc8d2233a63b068b0f60b18303d60c55
Requires: RColorBrewer, Rcpp, dichromat, labeling, munsell, plyr

Package: shiny
Source: CRAN
Version: 1.0.3
Hash: f133585c72ea31592f663e68c6ff0b3e
Requires: R6, digest, htmltools, httpuv, jsonlite, mime, sourcetools,
    xtable

Package: shinydashboard
Source: CRAN
Version: 0.5.3
Hash: 6ec0688120d2dd4500b6561886f413a4
Requires: htmltools, shiny

Package: shinythemes
Source: CRAN
Version: 1.1.1
Hash: d15f59eaa7a9a0668cea3af7f477820c
Requires: shiny

Package: sourcetools
Source: CRAN
Version: 0.1.5
Hash: 04ddeb1c288302222562326a471e2945

Package: sp
Source: CRAN
Version: 1.2-4
Hash: 4ffcf86fffee89e7b859f760528dd545

Package: stringi
Source: CRAN
Version: 1.1.2
Hash: 1ad6b1cc11d982ac233bf2fa2f7c9684

Package: stringr
Source: CRAN
Version: 1.1.0
Hash: 4d21d0063b37a17ea18eaec6acd29bf3
Requires: magrittr, stringi

Package: testthat
Source: CRAN
Version: 1.0.2
Hash: 88d5291104227f9dc2e7c7c1d0eb6c74
Requires: R6, crayon, digest, magrittr, praise

Package: tibble
Source: CRAN
Version: 1.2
Hash: 3857905737a164648031462bed6aa2ef
Requires: Rcpp, assertthat, lazyeval

Package: tidyr
Source: CRAN
Version: 0.6.1
Hash: 304887c13ceb691ff8bd5560c62b271a
Requires: Rcpp, dplyr, lazyeval, magrittr, stringi, tibble

Package: viridis
Source: CRAN
Version: 0.4.0
Hash: 5bdac1bcf74a10a7a96f82191f498ab7
Requires: ggplot2, gridExtra, viridisLite

Package: viridisLite
Source: CRAN
Version: 0.2.0
Hash: 10f0c25af3dc84eaae10f5854f47efdb

Package: xtable
Source: CRAN
Version: 1.8-2
Hash: 7293235cfcc14cdff1ce7fd1a0212031

Package: yaml
Source: CRAN
Version: 2.1.14
Hash: c81230c3a7d9ba20607ad6b4331173d1
